
Microsoft Visual Studio Solution File, Format Version 12.00
# Visual Studio 15
VisualStudioVersion = 15.0.28010.2026
MinimumVisualStudioVersion = 10.0.40219.1
Project("{FAE04EC0-301F-11D3-BF4B-00C04F79EFBC}") = "Gear", "Gear\Gear.csproj", "{F2964F0A-AA31-4EC5-86AA-9AD35AA25E0D}"
EndProject
Global
	GlobalSection(SolutionConfigurationPlatforms) = preSolution
		Debug|Any CPU = Debug|Any CPU
		Release|Any CPU = Release|Any CPU
	EndGlobalSection
	GlobalSection(ProjectConfigurationPlatforms) = postSolution
		{F2964F0A-AA31-4EC5-86AA-9AD35AA25E0D}.Debug|Any CPU.ActiveCfg = Debug|Any CPU
		{F2964F0A-AA31-4EC5-86AA-9AD35AA25E0D}.Debug|Any CPU.Build.0 = Debug|Any CPU
		{F2964F0A-AA31-4EC5-86AA-9AD35AA25E0D}.Release|Any CPU.ActiveCfg = Release|Any CPU
		{F2964F0A-AA31-4EC5-86AA-9AD35AA25E0D}.Release|Any CPU.Build.0 = Release|Any CPU
	EndGlobalSection
	GlobalSection(SolutionProperties) = preSolution
		HideSolutionNode = FALSE
	EndGlobalSection
	GlobalSection(ExtensibilityGlobals) = postSolution
		SolutionGuid = {622A5CCC-939A-4669-9878-301F042D942A}
	EndGlobalSection
EndGlobal
